
Microsoft Visual Studio Solution File, Format Version 12.00
# Visual Studio Version 17
VisualStudioVersion = 17.1.32228.430
MinimumVisualStudioVersion = 10.0.40219.1
Project("{9A19103F-16F7-4668-BE54-9A1E7A4F7556}") = "BaseLib.Core", "BaseLib.Core\BaseLib.Core.csproj", "{C845268A-9AA7-4AE2-9DB3-BFA3095C9D74}"
EndProject
Project("{9A19103F-16F7-4668-BE54-9A1E7A4F7556}") = "Abc.Financial", "Abc.Financial\Abc.Financial.csproj", "{51001D9C-7852-4443-9B6F-21CD576292EE}"
EndProject
Project("{9A19103F-16F7-4668-BE54-9A1E7A4F7556}") = "Abc.Financial.WebApi", "Abc.Financial.WebApi\Abc.Financial.WebApi.csproj", "{FD49F9D9-0413-499C-AAD7-1BE604339525}"
EndProject
Project("{FAE04EC0-301F-11D3-BF4B-00C04F79EFBC}") = "BaseLib.Core.Test", "BaseLib.Core.Test\BaseLib.Core.Test.csproj", "{3E5766A0-53DF-4269-94DC-B5A6CE8BF3CD}"
EndProject
Global
	GlobalSection(SolutionConfigurationPlatforms) = preSolution
		Debug|Any CPU = Debug|Any CPU
		Release|Any CPU = Release|Any CPU
	EndGlobalSection
	GlobalSection(ProjectConfigurationPlatforms) = postSolution
		{C845268A-9AA7-4AE2-9DB3-BFA3095C9D74}.Debug|Any CPU.ActiveCfg = Debug|Any CPU
		{C845268A-9AA7-4AE2-9DB3-BFA3095C9D74}.Debug|Any CPU.Build.0 = Debug|Any CPU
		{C845268A-9AA7-4AE2-9DB3-BFA3095C9D74}.Release|Any CPU.ActiveCfg = Release|Any CPU
		{C845268A-9AA7-4AE2-9DB3-BFA3095C9D74}.Release|Any CPU.Build.0 = Release|Any CPU
		{51001D9C-7852-4443-9B6F-21CD576292EE}.Debug|Any CPU.ActiveCfg = Debug|Any CPU
		{51001D9C-7852-4443-9B6F-21CD576292EE}.Debug|Any CPU.Build.0 = Debug|Any CPU
		{51001D9C-7852-4443-9B6F-21CD576292EE}.Release|Any CPU.ActiveCfg = Release|Any CPU
		{51001D9C-7852-4443-9B6F-21CD576292EE}.Release|Any CPU.Build.0 = Release|Any CPU
		{FD49F9D9-0413-499C-AAD7-1BE604339525}.Debug|Any CPU.ActiveCfg = Debug|Any CPU
		{FD49F9D9-0413-499C-AAD7-1BE604339525}.Debug|Any CPU.Build.0 = Debug|Any CPU
		{FD49F9D9-0413-499C-AAD7-1BE604339525}.Release|Any CPU.ActiveCfg = Release|Any CPU
		{FD49F9D9-0413-499C-AAD7-1BE604339525}.Release|Any CPU.Build.0 = Release|Any CPU
		{3E5766A0-53DF-4269-94DC-B5A6CE8BF3CD}.Debug|Any CPU.ActiveCfg = Debug|Any CPU
		{3E5766A0-53DF-4269-94DC-B5A6CE8BF3CD}.Debug|Any CPU.Build.0 = Debug|Any CPU
		{3E5766A0-53DF-4269-94DC-B5A6CE8BF3CD}.Release|Any CPU.ActiveCfg = Release|Any CPU
		{3E5766A0-53DF-4269-94DC-B5A6CE8BF3CD}.Release|Any CPU.Build.0 = Release|Any CPU
	EndGlobalSection
	GlobalSection(SolutionProperties) = preSolution
		HideSolutionNode = FALSE
	EndGlobalSection
	GlobalSection(ExtensibilityGlobals) = postSolution
		SolutionGuid = {898EA7ED-7300-43F8-BA52-0283AAC74404}
	EndGlobalSection
EndGlobal
